
Microsoft Visual Studio Solution File, Format Version 12.00
# Visual Studio Version 17
VisualStudioVersion = 17.5.33502.453
MinimumVisualStudioVersion = 10.0.40219.1
Project("{9A19103F-16F7-4668-BE54-9A1E7A4F7556}") = "GrpcServiceSigner", "GrpcServiceSigner.csproj", "{75554D56-CB04-4771-8FEE-A2657E94EE77}"
EndProject
Global
	GlobalSection(SolutionConfigurationPlatforms) = preSolution
		Debug|Any CPU = Debug|Any CPU
		Release|Any CPU = Release|Any CPU
	EndGlobalSection
	GlobalSection(ProjectConfigurationPlatforms) = postSolution
		{75554D56-CB04-4771-8FEE-A2657E94EE77}.Debug|Any CPU.ActiveCfg = Debug|Any CPU
		{75554D56-CB04-4771-8FEE-A2657E94EE77}.Debug|Any CPU.Build.0 = Debug|Any CPU
		{75554D56-CB04-4771-8FEE-A2657E94EE77}.Release|Any CPU.ActiveCfg = Release|Any CPU
		{75554D56-CB04-4771-8FEE-A2657E94EE77}.Release|Any CPU.Build.0 = Release|Any CPU
	EndGlobalSection
	GlobalSection(SolutionProperties) = preSolution
		HideSolutionNode = FALSE
	EndGlobalSection
	GlobalSection(ExtensibilityGlobals) = postSolution
		SolutionGuid = {8EB0D8BF-03C8-4153-BDE2-9819B2F513D0}
	EndGlobalSection
EndGlobal
